{
  "lockfile-version": 1,
  "manifest": {
    "version": 1,
    "install": {
      "bun": {
        "pkg-path": "bun"
      }
    },
    "hook": {},
    "profile": {},
    "options": {}
  },
  "packages": [
    {
      "attr_path": "bun",
      "broken": false,
      "derivation": "/nix/store/pv8nzzgpsbiadr0qapyam9hi1nzml8cl-bun-1.2.20.drv",
      "description": "Incredibly fast JavaScript runtime, bundler, transpiler and package manager – all in one",
      "install_id": "bun",
      "license": "[ MIT, LGPL-2.1-only ]",
      "locked_url": "https://github.com/flox/nixpkgs?rev=005433b926e16227259a1843015b5b2b7f7d1fc3",
      "name": "bun-1.2.20",
      "pname": "bun",
      "rev": "005433b926e16227259a1843015b5b2b7f7d1fc3",
      "rev_count": 843472,
      "rev_date": "2025-08-12T19:39:21Z",
      "scrape_date": "2025-08-14T00:26:11.936610Z",
      "stabilities": [
        "unstable"
      ],
      "unfree": false,
      "version": "1.2.20",
      "outputs_to_install": [
        "out"
      ],
      "outputs": {
        "out": "/nix/store/scma1kiji0586gs1g9h11rwgfb6lfa97-bun-1.2.20"
      },
      "system": "aarch64-darwin",
      "group": "toplevel",
      "priority": 5
    },
    {
      "attr_path": "bun",
      "broken": false,
      "derivation": "/nix/store/vkmwmzmak1yvni3rcl63c9pggmqxd6w9-bun-1.2.20.drv",
      "description": "Incredibly fast JavaScript runtime, bundler, transpiler and package manager – all in one",
      "install_id": "bun",
      "license": "[ MIT, LGPL-2.1-only ]",
      "locked_url": "https://github.com/flox/nixpkgs?rev=005433b926e16227259a1843015b5b2b7f7d1fc3",
      "name": "bun-1.2.20",
      "pname": "bun",
      "rev": "005433b926e16227259a1843015b5b2b7f7d1fc3",
      "rev_count": 843472,
      "rev_date": "2025-08-12T19:39:21Z",
      "scrape_date": "2025-08-14T01:59:37.823664Z",
      "stabilities": [
        "unstable"
      ],
      "unfree": false,
      "version": "1.2.20",
      "outputs_to_install": [
        "out"
      ],
      "outputs": {
        "out": "/nix/store/4zldmxf7p51drjic1psxh8csrpb38vj4-bun-1.2.20"
      },
      "system": "aarch64-linux",
      "group": "toplevel",
      "priority": 5
    },
    {
      "attr_path": "bun",
      "broken": false,
      "derivation": "/nix/store/al344910qpdv8dra81g62ay7xlv8m5ww-bun-1.2.20.drv",
      "description": "Incredibly fast JavaScript runtime, bundler, transpiler and package manager – all in one",
      "install_id": "bun",
      "license": "[ MIT, LGPL-2.1-only ]",
      "locked_url": "https://github.com/flox/nixpkgs?rev=005433b926e16227259a1843015b5b2b7f7d1fc3",
      "name": "bun-1.2.20",
      "pname": "bun",
      "rev": "005433b926e16227259a1843015b5b2b7f7d1fc3",
      "rev_count": 843472,
      "rev_date": "2025-08-12T19:39:21Z",
      "scrape_date": "2025-08-14T02:32:15.892470Z",
      "stabilities": [
        "unstable"
      ],
      "unfree": false,
      "version": "1.2.20",
      "outputs_to_install": [
        "out"
      ],
      "outputs": {
        "out": "/nix/store/zwqjqjh78fns1wf67ycfzzqj8aj1aqsi-bun-1.2.20"
      },
      "system": "x86_64-darwin",
      "group": "toplevel",
      "priority": 5
    },
    {
      "attr_path": "bun",
      "broken": false,
      "derivation": "/nix/store/7q9kgnfc1wwdws2xpylxbkxpdryv61ns-bun-1.2.20.drv",
      "description": "Incredibly fast JavaScript runtime, bundler, transpiler and package manager – all in one",
      "install_id": "bun",
      "license": "[ MIT, LGPL-2.1-only ]",
      "locked_url": "https://github.com/flox/nixpkgs?rev=005433b926e16227259a1843015b5b2b7f7d1fc3",
      "name": "bun-1.2.20",
      "pname": "bun",
      "rev": "005433b926e16227259a1843015b5b2b7f7d1fc3",
      "rev_count": 843472,
      "rev_date": "2025-08-12T19:39:21Z",
      "scrape_date": "2025-08-14T03:13:24.548999Z",
      "stabilities": [
        "unstable"
      ],
      "unfree": false,
      "version": "1.2.20",
      "outputs_to_install": [
        "out"
      ],
      "outputs": {
        "out": "/nix/store/yq0f6b7aiyln0vcaiv8l20hqzik20wnn-bun-1.2.20"
      },
      "system": "x86_64-linux",
      "group": "toplevel",
      "priority": 5
    }
  ]
}